// !$*UTF8*$!
{
	archiveVersion = 1;
	classes = {
	};
	objectVersion = 55;
	objects = {

/* Begin PBXBuildFile section */
		0011B73C28D33E34007DB26A /* MockCoordinator.swift in Sources */ = {isa = PBXBuildFile; fileRef = 0011B73B28D33E33007DB26A /* MockCoordinator.swift */; };
		0011B74028D3476E007DB26A /* LaunchDetailViewController.swift in Sources */ = {isa = PBXBuildFile; fileRef = 0011B73F28D3476E007DB26A /* LaunchDetailViewController.swift */; };
		0011B74328D3487A007DB26A /* LaunchDetailViewModel.swift in Sources */ = {isa = PBXBuildFile; fileRef = 0011B74228D3487A007DB26A /* LaunchDetailViewModel.swift */; };
		0011B74728D3489E007DB26A /* LaunchDetailBuilder.swift in Sources */ = {isa = PBXBuildFile; fileRef = 0011B74628D3489E007DB26A /* LaunchDetailBuilder.swift */; };
		0011B74928D34EC1007DB26A /* MockError.swift in Sources */ = {isa = PBXBuildFile; fileRef = 0011B74828D34EC1007DB26A /* MockError.swift */; };
		00C53ECE28CF4963002433E1 /* FeedCellViewModel.swift in Sources */ = {isa = PBXBuildFile; fileRef = 00C53ECD28CF4963002433E1 /* FeedCellViewModel.swift */; };
		00C53ED128CF4BA1002433E1 /* Kingfisher in Frameworks */ = {isa = PBXBuildFile; productRef = 00C53ED028CF4BA1002433E1 /* Kingfisher */; };
		00C53ED328CF6E87002433E1 /* AppCoordinator.swift in Sources */ = {isa = PBXBuildFile; fileRef = 00C53ED228CF6E86002433E1 /* AppCoordinator.swift */; };
		00C53ED528CF72B2002433E1 /* FeedCollectionDataManager.swift in Sources */ = {isa = PBXBuildFile; fileRef = 00C53ED428CF72B2002433E1 /* FeedCollectionDataManager.swift */; };
		00C53ED728CF7817002433E1 /* UIViewController+Extension.swift in Sources */ = {isa = PBXBuildFile; fileRef = 00C53ED628CF7817002433E1 /* UIViewController+Extension.swift */; };
		00C53EE128CFAA80002433E1 /* FeedViewModelTest.swift in Sources */ = {isa = PBXBuildFile; fileRef = 00C53EE028CFAA80002433E1 /* FeedViewModelTest.swift */; };
		00C53EEA28CFAEB6002433E1 /* MockService.swift in Sources */ = {isa = PBXBuildFile; fileRef = 00C53EE928CFAEB6002433E1 /* MockService.swift */; };
		00D686CF28CB4AD500F18EC7 /* AppDelegate.swift in Sources */ = {isa = PBXBuildFile; fileRef = 00D686CE28CB4AD500F18EC7 /* AppDelegate.swift */; };
		00D686D128CB4AD500F18EC7 /* SceneDelegate.swift in Sources */ = {isa = PBXBuildFile; fileRef = 00D686D028CB4AD500F18EC7 /* SceneDelegate.swift */; };
		00D686D828CB4AD900F18EC7 /* Assets.xcassets in Resources */ = {isa = PBXBuildFile; fileRef = 00D686D728CB4AD900F18EC7 /* Assets.xcassets */; };
		00D686DB28CB4AD900F18EC7 /* LaunchScreen.storyboard in Resources */ = {isa = PBXBuildFile; fileRef = 00D686D928CB4AD900F18EC7 /* LaunchScreen.storyboard */; };
		00D686E928CB54F000F18EC7 /* Apollo in Frameworks */ = {isa = PBXBuildFile; productRef = 00D686E828CB54F000F18EC7 /* Apollo */; };
		00D686F528CB5D1F00F18EC7 /* schema.json in Resources */ = {isa = PBXBuildFile; fileRef = 00D686F428CB5D1F00F18EC7 /* schema.json */; };
		00D686F728CB5E5B00F18EC7 /* Queries.graphql in Resources */ = {isa = PBXBuildFile; fileRef = 00D686F628CB5E5A00F18EC7 /* Queries.graphql */; };
		00D686FC28CB5F9C00F18EC7 /* API.swift in Sources */ = {isa = PBXBuildFile; fileRef = 00D686FB28CB5F9C00F18EC7 /* API.swift */; };
		00D686FE28CB600C00F18EC7 /* HttpClient.swift in Sources */ = {isa = PBXBuildFile; fileRef = 00D686FD28CB600C00F18EC7 /* HttpClient.swift */; };
		00D6870128CE195D00F18EC7 /* ApolloPublisher.swift in Sources */ = {isa = PBXBuildFile; fileRef = 00D6870028CE195D00F18EC7 /* ApolloPublisher.swift */; };
		00D6870328CE1A3700F18EC7 /* ApolloSubscription.swift in Sources */ = {isa = PBXBuildFile; fileRef = 00D6870228CE1A3700F18EC7 /* ApolloSubscription.swift */; };
		00D6870628CE1C1A00F18EC7 /* ApolloClient+Extension.swift in Sources */ = {isa = PBXBuildFile; fileRef = 00D6870528CE1C1A00F18EC7 /* ApolloClient+Extension.swift */; };
		00EE21E028CE5BC500123282 /* FeedViewModel.swift in Sources */ = {isa = PBXBuildFile; fileRef = 00EE21DF28CE5BC500123282 /* FeedViewModel.swift */; };
		00EE21E328CE5F1F00123282 /* LaunchModel.swift in Sources */ = {isa = PBXBuildFile; fileRef = 00EE21E228CE5F1F00123282 /* LaunchModel.swift */; };
		00EE21E628CE661A00123282 /* FeedViewController.swift in Sources */ = {isa = PBXBuildFile; fileRef = 00EE21E528CE661A00123282 /* FeedViewController.swift */; };
		00EE21EA28CE675100123282 /* FeedListView.swift in Sources */ = {isa = PBXBuildFile; fileRef = 00EE21E928CE675100123282 /* FeedListView.swift */; };
		00EE21ED28CE69F800123282 /* FeedCollectionViewCell.swift in Sources */ = {isa = PBXBuildFile; fileRef = 00EE21EC28CE69F800123282 /* FeedCollectionViewCell.swift */; };
		00EE21F028CE6AC600123282 /* SnapKit in Frameworks */ = {isa = PBXBuildFile; productRef = 00EE21EF28CE6AC600123282 /* SnapKit */; };
		00EE21F228CE88DE00123282 /* Reuseable+Extension.swift in Sources */ = {isa = PBXBuildFile; fileRef = 00EE21F128CE88DE00123282 /* Reuseable+Extension.swift */; };
		00EE21F428CE88F200123282 /* CollectionViewCell+Extension.swift in Sources */ = {isa = PBXBuildFile; fileRef = 00EE21F328CE88F200123282 /* CollectionViewCell+Extension.swift */; };
		00EE21F628CE8C3B00123282 /* FeedViewBuilder.swift in Sources */ = {isa = PBXBuildFile; fileRef = 00EE21F528CE8C3B00123282 /* FeedViewBuilder.swift */; };
/* End PBXBuildFile section */

/* Begin PBXContainerItemProxy section */
		00C53EE228CFAA80002433E1 /* PBXContainerItemProxy */ = {
			isa = PBXContainerItemProxy;
			containerPortal = 00D686C328CB4AD500F18EC7 /* Project object */;
			proxyType = 1;
			remoteGlobalIDString = 00D686CA28CB4AD500F18EC7;
			remoteInfo = SpaceX;
		};
/* End PBXContainerItemProxy section */

/* Begin PBXFileReference section */
		0011B73B28D33E33007DB26A /* MockCoordinator.swift */ = {isa = PBXFileReference; lastKnownFileType = sourcecode.swift; path = MockCoordinator.swift; sourceTree = "<group>"; };
		0011B73F28D3476E007DB26A /* LaunchDetailViewController.swift */ = {isa = PBXFileReference; lastKnownFileType = sourcecode.swift; path = LaunchDetailViewController.swift; sourceTree = "<group>"; };
		0011B74228D3487A007DB26A /* LaunchDetailViewModel.swift */ = {isa = PBXFileReference; lastKnownFileType = sourcecode.swift; path = LaunchDetailViewModel.swift; sourceTree = "<group>"; };
		0011B74628D3489E007DB26A /* LaunchDetailBuilder.swift */ = {isa = PBXFileReference; lastKnownFileType = sourcecode.swift; path = LaunchDetailBuilder.swift; sourceTree = "<group>"; };
		0011B74828D34EC1007DB26A /* MockError.swift */ = {isa = PBXFileReference; lastKnownFileType = sourcecode.swift; path = MockError.swift; sourceTree = "<group>"; };
		00C53ECD28CF4963002433E1 /* FeedCellViewModel.swift */ = {isa = PBXFileReference; lastKnownFileType = sourcecode.swift; path = FeedCellViewModel.swift; sourceTree = "<group>"; };
		00C53ED228CF6E86002433E1 /* AppCoordinator.swift */ = {isa = PBXFileReference; lastKnownFileType = sourcecode.swift; path = AppCoordinator.swift; sourceTree = "<group>"; };
		00C53ED428CF72B2002433E1 /* FeedCollectionDataManager.swift */ = {isa = PBXFileReference; lastKnownFileType = sourcecode.swift; path = FeedCollectionDataManager.swift; sourceTree = "<group>"; };
		00C53ED628CF7817002433E1 /* UIViewController+Extension.swift */ = {isa = PBXFileReference; lastKnownFileType = sourcecode.swift; path = "UIViewController+Extension.swift"; sourceTree = "<group>"; };
		00C53EDE28CFAA80002433E1 /* SpaceXTests.xctest */ = {isa = PBXFileReference; explicitFileType = wrapper.cfbundle; includeInIndex = 0; path = SpaceXTests.xctest; sourceTree = BUILT_PRODUCTS_DIR; };
		00C53EE028CFAA80002433E1 /* FeedViewModelTest.swift */ = {isa = PBXFileReference; lastKnownFileType = sourcecode.swift; path = FeedViewModelTest.swift; sourceTree = "<group>"; };
		00C53EE928CFAEB6002433E1 /* MockService.swift */ = {isa = PBXFileReference; lastKnownFileType = sourcecode.swift; path = MockService.swift; sourceTree = "<group>"; };
		00D686CB28CB4AD500F18EC7 /* SpaceX.app */ = {isa = PBXFileReference; explicitFileType = wrapper.application; includeInIndex = 0; path = SpaceX.app; sourceTree = BUILT_PRODUCTS_DIR; };
		00D686CE28CB4AD500F18EC7 /* AppDelegate.swift */ = {isa = PBXFileReference; lastKnownFileType = sourcecode.swift; path = AppDelegate.swift; sourceTree = "<group>"; };
		00D686D028CB4AD500F18EC7 /* SceneDelegate.swift */ = {isa = PBXFileReference; lastKnownFileType = sourcecode.swift; path = SceneDelegate.swift; sourceTree = "<group>"; };
		00D686D728CB4AD900F18EC7 /* Assets.xcassets */ = {isa = PBXFileReference; lastKnownFileType = folder.assetcatalog; path = Assets.xcassets; sourceTree = "<group>"; };
		00D686DA28CB4AD900F18EC7 /* Base */ = {isa = PBXFileReference; lastKnownFileType = file.storyboard; name = Base; path = Base.lproj/LaunchScreen.storyboard; sourceTree = "<group>"; };
		00D686DC28CB4AD900F18EC7 /* Info.plist */ = {isa = PBXFileReference; lastKnownFileType = text.plist.xml; path = Info.plist; sourceTree = "<group>"; };
		00D686F428CB5D1F00F18EC7 /* schema.json */ = {isa = PBXFileReference; fileEncoding = 4; lastKnownFileType = text.json; path = schema.json; sourceTree = "<group>"; };
		00D686F628CB5E5A00F18EC7 /* Queries.graphql */ = {isa = PBXFileReference; lastKnownFileType = text; path = Queries.graphql; sourceTree = "<group>"; };
		00D686FB28CB5F9C00F18EC7 /* API.swift */ = {isa = PBXFileReference; fileEncoding = 4; lastKnownFileType = sourcecode.swift; name = API.swift; path = SpaceX/API.swift; sourceTree = SOURCE_ROOT; };
		00D686FD28CB600C00F18EC7 /* HttpClient.swift */ = {isa = PBXFileReference; lastKnownFileType = sourcecode.swift; path = HttpClient.swift; sourceTree = "<group>"; };
		00D6870028CE195D00F18EC7 /* ApolloPublisher.swift */ = {isa = PBXFileReference; lastKnownFileType = sourcecode.swift; path = ApolloPublisher.swift; sourceTree = "<group>"; };
		00D6870228CE1A3700F18EC7 /* ApolloSubscription.swift */ = {isa = PBXFileReference; lastKnownFileType = sourcecode.swift; path = ApolloSubscription.swift; sourceTree = "<group>"; };
		00D6870528CE1C1A00F18EC7 /* ApolloClient+Extension.swift */ = {isa = PBXFileReference; lastKnownFileType = sourcecode.swift; path = "ApolloClient+Extension.swift"; sourceTree = "<group>"; };
		00EE21DF28CE5BC500123282 /* FeedViewModel.swift */ = {isa = PBXFileReference; lastKnownFileType = sourcecode.swift; path = FeedViewModel.swift; sourceTree = "<group>"; };
		00EE21E228CE5F1F00123282 /* LaunchModel.swift */ = {isa = PBXFileReference; lastKnownFileType = sourcecode.swift; path = LaunchModel.swift; sourceTree = "<group>"; };
		00EE21E528CE661A00123282 /* FeedViewController.swift */ = {isa = PBXFileReference; lastKnownFileType = sourcecode.swift; path = FeedViewController.swift; sourceTree = "<group>"; };
		00EE21E928CE675100123282 /* FeedListView.swift */ = {isa = PBXFileReference; lastKnownFileType = sourcecode.swift; path = FeedListView.swift; sourceTree = "<group>"; };
		00EE21EC28CE69F800123282 /* FeedCollectionViewCell.swift */ = {isa = PBXFileReference; lastKnownFileType = sourcecode.swift; path = FeedCollectionViewCell.swift; sourceTree = "<group>"; };
		00EE21F128CE88DE00123282 /* Reuseable+Extension.swift */ = {isa = PBXFileReference; lastKnownFileType = sourcecode.swift; path = "Reuseable+Extension.swift"; sourceTree = "<group>"; };
		00EE21F328CE88F200123282 /* CollectionViewCell+Extension.swift */ = {isa = PBXFileReference; lastKnownFileType = sourcecode.swift; path = "CollectionViewCell+Extension.swift"; sourceTree = "<group>"; };
		00EE21F528CE8C3B00123282 /* FeedViewBuilder.swift */ = {isa = PBXFileReference; lastKnownFileType = sourcecode.swift; path = FeedViewBuilder.swift; sourceTree = "<group>"; };
/* End PBXFileReference section */

/* Begin PBXFrameworksBuildPhase section */
		00C53EDB28CFAA80002433E1 /* Frameworks */ = {
			isa = PBXFrameworksBuildPhase;
			buildActionMask = 2147483647;
			files = (
			);
			runOnlyForDeploymentPostprocessing = 0;
		};
		00D686C828CB4AD500F18EC7 /* Frameworks */ = {
			isa = PBXFrameworksBuildPhase;
			buildActionMask = 2147483647;
			files = (
				00C53ED128CF4BA1002433E1 /* Kingfisher in Frameworks */,
				00D686E928CB54F000F18EC7 /* Apollo in Frameworks */,
				00EE21F028CE6AC600123282 /* SnapKit in Frameworks */,
			);
			runOnlyForDeploymentPostprocessing = 0;
		};
/* End PBXFrameworksBuildPhase section */

/* Begin PBXGroup section */
		0011B73D28D3474A007DB26A /* LaunchDetail */ = {
			isa = PBXGroup;
			children = (
				0011B74428D34889007DB26A /* Builder */,
				0011B74128D34868007DB26A /* ViewModel */,
				0011B73E28D34754007DB26A /* View */,
			);
			path = LaunchDetail;
			sourceTree = "<group>";
		};
		0011B73E28D34754007DB26A /* View */ = {
			isa = PBXGroup;
			children = (
				0011B73F28D3476E007DB26A /* LaunchDetailViewController.swift */,
			);
			path = View;
			sourceTree = "<group>";
		};
		0011B74128D34868007DB26A /* ViewModel */ = {
			isa = PBXGroup;
			children = (
				0011B74228D3487A007DB26A /* LaunchDetailViewModel.swift */,
			);
			path = ViewModel;
			sourceTree = "<group>";
		};
		0011B74428D34889007DB26A /* Builder */ = {
			isa = PBXGroup;
			children = (
				0011B74628D3489E007DB26A /* LaunchDetailBuilder.swift */,
			);
			path = Builder;
			sourceTree = "<group>";
		};
		00C53ECB28CF494D002433E1 /* ViewModel */ = {
			isa = PBXGroup;
			children = (
				00C53ECD28CF4963002433E1 /* FeedCellViewModel.swift */,
			);
			name = ViewModel;
			sourceTree = "<group>";
		};
		00C53ECC28CF4952002433E1 /* View */ = {
			isa = PBXGroup;
			children = (
				00EE21EC28CE69F800123282 /* FeedCollectionViewCell.swift */,
			);
			name = View;
			sourceTree = "<group>";
		};
		00C53ED828CF7B78002433E1 /* Manager */ = {
			isa = PBXGroup;
			children = (
				00C53ED428CF72B2002433E1 /* FeedCollectionDataManager.swift */,
			);
			path = Manager;
			sourceTree = "<group>";
		};
		00C53ED928CF7B84002433E1 /* ViewController */ = {
			isa = PBXGroup;
			children = (
				00EE21E528CE661A00123282 /* FeedViewController.swift */,
			);
			path = ViewController;
			sourceTree = "<group>";
		};
		00C53EDF28CFAA80002433E1 /* SpaceXTests */ = {
			isa = PBXGroup;
			children = (
				00C53EE828CFAEAB002433E1 /* Mock */,
				00C53EE728CFAA88002433E1 /* Test */,
			);
			path = SpaceXTests;
			sourceTree = "<group>";
		};
		00C53EE728CFAA88002433E1 /* Test */ = {
			isa = PBXGroup;
			children = (
				00C53EE028CFAA80002433E1 /* FeedViewModelTest.swift */,
			);
			path = Test;
			sourceTree = "<group>";
		};
		00C53EE828CFAEAB002433E1 /* Mock */ = {
			isa = PBXGroup;
			children = (
				00C53EE928CFAEB6002433E1 /* MockService.swift */,
				0011B73B28D33E33007DB26A /* MockCoordinator.swift */,
				0011B74828D34EC1007DB26A /* MockError.swift */,
			);
			path = Mock;
			sourceTree = "<group>";
		};
		00D686C228CB4AD500F18EC7 = {
			isa = PBXGroup;
			children = (
				00D686CD28CB4AD500F18EC7 /* SpaceX */,
				00C53EDF28CFAA80002433E1 /* SpaceXTests */,
				00D686CC28CB4AD500F18EC7 /* Products */,
			);
			sourceTree = "<group>";
		};
		00D686CC28CB4AD500F18EC7 /* Products */ = {
			isa = PBXGroup;
			children = (
				00D686CB28CB4AD500F18EC7 /* SpaceX.app */,
				00C53EDE28CFAA80002433E1 /* SpaceXTests.xctest */,
			);
			name = Products;
			sourceTree = "<group>";
		};
		00D686CD28CB4AD500F18EC7 /* SpaceX */ = {
			isa = PBXGroup;
			children = (
				00D6870428CE1C0900F18EC7 /* Extension */,
				00D686FA28CB5F1200F18EC7 /* GraphQL */,
				00D686E628CB4C4F00F18EC7 /* Resources */,
				00D686E528CB4C0B00F18EC7 /* Network */,
				00D686E428CB4C0000F18EC7 /* Coordinator */,
				00D686E328CB4BF900F18EC7 /* Screens */,
				00D686E228CB4BF400F18EC7 /* App */,
			);
			path = SpaceX;
			sourceTree = "<group>";
		};
		00D686E228CB4BF400F18EC7 /* App */ = {
			isa = PBXGroup;
			children = (
				00D686DC28CB4AD900F18EC7 /* Info.plist */,
				00D686CE28CB4AD500F18EC7 /* AppDelegate.swift */,
				00D686D028CB4AD500F18EC7 /* SceneDelegate.swift */,
			);
			path = App;
			sourceTree = "<group>";
		};
		00D686E328CB4BF900F18EC7 /* Screens */ = {
			isa = PBXGroup;
			children = (
				0011B73D28D3474A007DB26A /* LaunchDetail */,
				00EE21DD28CE5BAE00123282 /* Feed */,
			);
			path = Screens;
			sourceTree = "<group>";
		};
		00D686E428CB4C0000F18EC7 /* Coordinator */ = {
			isa = PBXGroup;
			children = (
				00C53ED228CF6E86002433E1 /* AppCoordinator.swift */,
			);
			path = Coordinator;
			sourceTree = "<group>";
		};
		00D686E528CB4C0B00F18EC7 /* Network */ = {
			isa = PBXGroup;
			children = (
				00EE21E128CE5F0200123282 /* Model */,
				00D686FF28CE193700F18EC7 /* ApolloCombine */,
				00D686FD28CB600C00F18EC7 /* HttpClient.swift */,
			);
			path = Network;
			sourceTree = "<group>";
		};
		00D686E628CB4C4F00F18EC7 /* Resources */ = {
			isa = PBXGroup;
			children = (
				00D686D728CB4AD900F18EC7 /* Assets.xcassets */,
				00D686D928CB4AD900F18EC7 /* LaunchScreen.storyboard */,
			);
			path = Resources;
			sourceTree = "<group>";
		};
		00D686FA28CB5F1200F18EC7 /* GraphQL */ = {
			isa = PBXGroup;
			children = (
				00D686F428CB5D1F00F18EC7 /* schema.json */,
				00D686F628CB5E5A00F18EC7 /* Queries.graphql */,
				00D686FB28CB5F9C00F18EC7 /* API.swift */,
			);
			path = GraphQL;
			sourceTree = "<group>";
		};
		00D686FF28CE193700F18EC7 /* ApolloCombine */ = {
			isa = PBXGroup;
			children = (
				00D6870028CE195D00F18EC7 /* ApolloPublisher.swift */,
				00D6870228CE1A3700F18EC7 /* ApolloSubscription.swift */,
			);
			path = ApolloCombine;
			sourceTree = "<group>";
		};
		00D6870428CE1C0900F18EC7 /* Extension */ = {
			isa = PBXGroup;
			children = (
				00D6870528CE1C1A00F18EC7 /* ApolloClient+Extension.swift */,
				00EE21F128CE88DE00123282 /* Reuseable+Extension.swift */,
				00EE21F328CE88F200123282 /* CollectionViewCell+Extension.swift */,
				00C53ED628CF7817002433E1 /* UIViewController+Extension.swift */,
			);
			path = Extension;
			sourceTree = "<group>";
		};
		00EE21DD28CE5BAE00123282 /* Feed */ = {
			isa = PBXGroup;
			children = (
				00EE21E728CE66E200123282 /* Builder */,
				00EE21E428CE660000123282 /* View */,
				00EE21DE28CE5BBA00123282 /* ViewModel */,
			);
			path = Feed;
			sourceTree = "<group>";
		};
		00EE21DE28CE5BBA00123282 /* ViewModel */ = {
			isa = PBXGroup;
			children = (
				00EE21DF28CE5BC500123282 /* FeedViewModel.swift */,
			);
			path = ViewModel;
			sourceTree = "<group>";
		};
		00EE21E128CE5F0200123282 /* Model */ = {
			isa = PBXGroup;
			children = (
				00EE21E228CE5F1F00123282 /* LaunchModel.swift */,
			);
			path = Model;
			sourceTree = "<group>";
		};
		00EE21E428CE660000123282 /* View */ = {
			isa = PBXGroup;
			children = (
				00C53ED928CF7B84002433E1 /* ViewController */,
				00C53ED828CF7B78002433E1 /* Manager */,
				00EE21EB28CE69CC00123282 /* Cell */,
				00EE21E828CE674000123282 /* CustomView */,
			);
			path = View;
			sourceTree = "<group>";
		};
		00EE21E728CE66E200123282 /* Builder */ = {
			isa = PBXGroup;
			children = (
				00EE21F528CE8C3B00123282 /* FeedViewBuilder.swift */,
			);
			path = Builder;
			sourceTree = "<group>";
		};
		00EE21E828CE674000123282 /* CustomView */ = {
			isa = PBXGroup;
			children = (
				00EE21E928CE675100123282 /* FeedListView.swift */,
			);
			path = CustomView;
			sourceTree = "<group>";
		};
		00EE21EB28CE69CC00123282 /* Cell */ = {
			isa = PBXGroup;
			children = (
				00C53ECC28CF4952002433E1 /* View */,
				00C53ECB28CF494D002433E1 /* ViewModel */,
			);
			name = Cell;
			sourceTree = "<group>";
		};
/* End PBXGroup section */

/* Begin PBXNativeTarget section */
		00C53EDD28CFAA80002433E1 /* SpaceXTests */ = {
			isa = PBXNativeTarget;
			buildConfigurationList = 00C53EE428CFAA80002433E1 /* Build configuration list for PBXNativeTarget "SpaceXTests" */;
			buildPhases = (
				00C53EDA28CFAA80002433E1 /* Sources */,
				00C53EDB28CFAA80002433E1 /* Frameworks */,
				00C53EDC28CFAA80002433E1 /* Resources */,
			);
			buildRules = (
			);
			dependencies = (
				00C53EE328CFAA80002433E1 /* PBXTargetDependency */,
			);
			name = SpaceXTests;
			productName = SpaceXTests;
			productReference = 00C53EDE28CFAA80002433E1 /* SpaceXTests.xctest */;
			productType = "com.apple.product-type.bundle.unit-test";
		};
		00D686CA28CB4AD500F18EC7 /* SpaceX */ = {
			isa = PBXNativeTarget;
			buildConfigurationList = 00D686DF28CB4AD900F18EC7 /* Build configuration list for PBXNativeTarget "SpaceX" */;
			buildPhases = (
				00D686EE28CB59B200F18EC7 /* Apollo */,
				00D686C728CB4AD500F18EC7 /* Sources */,
				00D686C828CB4AD500F18EC7 /* Frameworks */,
				00D686C928CB4AD500F18EC7 /* Resources */,
			);
			buildRules = (
			);
			dependencies = (
			);
			name = SpaceX;
			packageProductDependencies = (
				00D686E828CB54F000F18EC7 /* Apollo */,
				00EE21EF28CE6AC600123282 /* SnapKit */,
				00C53ED028CF4BA1002433E1 /* Kingfisher */,
			);
			productName = SpaceX;
			productReference = 00D686CB28CB4AD500F18EC7 /* SpaceX.app */;
			productType = "com.apple.product-type.application";
		};
/* End PBXNativeTarget section */

/* Begin PBXProject section */
		00D686C328CB4AD500F18EC7 /* Project object */ = {
			isa = PBXProject;
			attributes = {
				BuildIndependentTargetsInParallel = 1;
				LastSwiftUpdateCheck = 1330;
				LastUpgradeCheck = 1330;
				TargetAttributes = {
					00C53EDD28CFAA80002433E1 = {
						CreatedOnToolsVersion = 13.3.1;
						TestTargetID = 00D686CA28CB4AD500F18EC7;
					};
					00D686CA28CB4AD500F18EC7 = {
						CreatedOnToolsVersion = 13.3.1;
					};
				};
			};
			buildConfigurationList = 00D686C628CB4AD500F18EC7 /* Build configuration list for PBXProject "SpaceX" */;
			compatibilityVersion = "Xcode 13.0";
			developmentRegion = en;
			hasScannedForEncodings = 0;
			knownRegions = (
				en,
				Base,
			);
			mainGroup = 00D686C228CB4AD500F18EC7;
			packageReferences = (
				00D686E728CB54F000F18EC7 /* XCRemoteSwiftPackageReference "apollo-ios" */,
				00EE21EE28CE6AC500123282 /* XCRemoteSwiftPackageReference "SnapKit" */,
				00C53ECF28CF4BA0002433E1 /* XCRemoteSwiftPackageReference "Kingfisher" */,
			);
			productRefGroup = 00D686CC28CB4AD500F18EC7 /* Products */;
			projectDirPath = "";
			projectRoot = "";
			targets = (
				00D686CA28CB4AD500F18EC7 /* SpaceX */,
				00C53EDD28CFAA80002433E1 /* SpaceXTests */,
			);
		};
/* End PBXProject section */

/* Begin PBXResourcesBuildPhase section */
		00C53EDC28CFAA80002433E1 /* Resources */ = {
			isa = PBXResourcesBuildPhase;
			buildActionMask = 2147483647;
			files = (
			);
			runOnlyForDeploymentPostprocessing = 0;
		};
		00D686C928CB4AD500F18EC7 /* Resources */ = {
			isa = PBXResourcesBuildPhase;
			buildActionMask = 2147483647;
			files = (
				00D686DB28CB4AD900F18EC7 /* LaunchScreen.storyboard in Resources */,
				00D686F528CB5D1F00F18EC7 /* schema.json in Resources */,
				00D686F728CB5E5B00F18EC7 /* Queries.graphql in Resources */,
				00D686D828CB4AD900F18EC7 /* Assets.xcassets in Resources */,
			);
			runOnlyForDeploymentPostprocessing = 0;
		};
/* End PBXResourcesBuildPhase section */

/* Begin PBXShellScriptBuildPhase section */
		00D686EE28CB59B200F18EC7 /* Apollo */ = {
			isa = PBXShellScriptBuildPhase;
			buildActionMask = 12;
			files = (
			);
			inputFileListPaths = (
			);
			inputPaths = (
			);
			name = Apollo;
			outputFileListPaths = (
			);
			outputPaths = (
			);
			runOnlyForDeploymentPostprocessing = 0;
			shellPath = /bin/sh;
			shellScript = "# Don't run this during index builds\n\nif [ $ACTION = \"indexbuild\" ]; then exit 0; fi\n\n\n# Go to the build root and search up the chain to find the Derived Data Path where the source packages are checked out.\n\nDERIVED_DATA_CANDIDATE=\"${BUILD_ROOT}\"\n\n\nwhile ! [ -d \"${DERIVED_DATA_CANDIDATE}/SourcePackages\" ]; do\n\n  if [ \"${DERIVED_DATA_CANDIDATE}\" = / ]; then\n\n    echo >&2 \"error: Unable to locate SourcePackages directory from BUILD_ROOT: '${BUILD_ROOT}'\"\n\n    exit 1\n\n  fi\n\n\n  DERIVED_DATA_CANDIDATE=\"$(dirname \"${DERIVED_DATA_CANDIDATE}\")\"\n\ndone\n\n\n# Grab a reference to the directory where scripts are checked out\n\nSCRIPT_PATH=\"${DERIVED_DATA_CANDIDATE}/SourcePackages/checkouts/apollo-ios/scripts\"\n\n\nif [ -z \"${SCRIPT_PATH}\" ]; then\n\n    echo >&2 \"error: Couldn't find the CLI script in your checked out SPM packages; make sure to add the framework to your project.\"\n\n    exit 1\n\nfi\n\n\ncd \"${SRCROOT}/${TARGET_NAME}\"\n\n\"${SCRIPT_PATH}\"/run-bundled-codegen.sh codegen:generate --target=swift --includes=./**/*.graphql --localSchemaFile=\"GraphQL/schema.json\" API.swift\n";
		};
/* End PBXShellScriptBuildPhase section */

/* Begin PBXSourcesBuildPhase section */
		00C53EDA28CFAA80002433E1 /* Sources */ = {
			isa = PBXSourcesBuildPhase;
			buildActionMask = 2147483647;
			files = (
				00C53EE128CFAA80002433E1 /* FeedViewModelTest.swift in Sources */,
				00C53EEA28CFAEB6002433E1 /* MockService.swift in Sources */,
				0011B74928D34EC1007DB26A /* MockError.swift in Sources */,
				0011B73C28D33E34007DB26A /* MockCoordinator.swift in Sources */,
			);
			runOnlyForDeploymentPostprocessing = 0;
		};
		00D686C728CB4AD500F18EC7 /* Sources */ = {
			isa = PBXSourcesBuildPhase;
			buildActionMask = 2147483647;
			files = (
				00EE21F428CE88F200123282 /* CollectionViewCell+Extension.swift in Sources */,
				0011B74328D3487A007DB26A /* LaunchDetailViewModel.swift in Sources */,
				00EE21EA28CE675100123282 /* FeedListView.swift in Sources */,
				00C53ED328CF6E87002433E1 /* AppCoordinator.swift in Sources */,
				00C53ECE28CF4963002433E1 /* FeedCellViewModel.swift in Sources */,
				00D686FE28CB600C00F18EC7 /* HttpClient.swift in Sources */,
				00D686CF28CB4AD500F18EC7 /* AppDelegate.swift in Sources */,
				00EE21F228CE88DE00123282 /* Reuseable+Extension.swift in Sources */,
				00C53ED528CF72B2002433E1 /* FeedCollectionDataManager.swift in Sources */,
				00C53ED728CF7817002433E1 /* UIViewController+Extension.swift in Sources */,
				00EE21F628CE8C3B00123282 /* FeedViewBuilder.swift in Sources */,
				0011B74728D3489E007DB26A /* LaunchDetailBuilder.swift in Sources */,
				0011B74028D3476E007DB26A /* LaunchDetailViewController.swift in Sources */,
				00D6870128CE195D00F18EC7 /* ApolloPublisher.swift in Sources */,
				00EE21E328CE5F1F00123282 /* LaunchModel.swift in Sources */,
				00D686FC28CB5F9C00F18EC7 /* API.swift in Sources */,
				00D6870628CE1C1A00F18EC7 /* ApolloClient+Extension.swift in Sources */,
				00EE21E628CE661A00123282 /* FeedViewController.swift in Sources */,
				00D6870328CE1A3700F18EC7 /* ApolloSubscription.swift in Sources */,
				00EE21ED28CE69F800123282 /* FeedCollectionViewCell.swift in Sources */,
				00D686D128CB4AD500F18EC7 /* SceneDelegate.swift in Sources */,
				00EE21E028CE5BC500123282 /* FeedViewModel.swift in Sources */,
			);
			runOnlyForDeploymentPostprocessing = 0;
		};
/* End PBXSourcesBuildPhase section */

/* Begin PBXTargetDependency section */
		00C53EE328CFAA80002433E1 /* PBXTargetDependency */ = {
			isa = PBXTargetDependency;
			target = 00D686CA28CB4AD500F18EC7 /* SpaceX */;
			targetProxy = 00C53EE228CFAA80002433E1 /* PBXContainerItemProxy */;
		};
/* End PBXTargetDependency section */

/* Begin PBXVariantGroup section */
		00D686D928CB4AD900F18EC7 /* LaunchScreen.storyboard */ = {
			isa = PBXVariantGroup;
			children = (
				00D686DA28CB4AD900F18EC7 /* Base */,
			);
			name = LaunchScreen.storyboard;
			sourceTree = "<group>";
		};
/* End PBXVariantGroup section */

/* Begin XCBuildConfiguration section */
		00C53EE528CFAA80002433E1 /* Debug */ = {
			isa = XCBuildConfiguration;
			buildSettings = {
				BUNDLE_LOADER = "$(TEST_HOST)";
				CODE_SIGN_STYLE = Automatic;
				CURRENT_PROJECT_VERSION = 1;
				DEVELOPMENT_TEAM = D4T62J4499;
				GENERATE_INFOPLIST_FILE = YES;
				IPHONEOS_DEPLOYMENT_TARGET = 15.4;
				MARKETING_VERSION = 1.0;
				PRODUCT_BUNDLE_IDENTIFIER = com.mct.SpaceXTests;
				PRODUCT_NAME = "$(TARGET_NAME)";
				SWIFT_EMIT_LOC_STRINGS = NO;
				SWIFT_VERSION = 5.0;
				TARGETED_DEVICE_FAMILY = "1,2";
				TEST_HOST = "$(BUILT_PRODUCTS_DIR)/SpaceX.app/SpaceX";
			};
			name = Debug;
		};
		00C53EE628CFAA80002433E1 /* Release */ = {
			isa = XCBuildConfiguration;
			buildSettings = {
				BUNDLE_LOADER = "$(TEST_HOST)";
				CODE_SIGN_STYLE = Automatic;
				CURRENT_PROJECT_VERSION = 1;
				DEVELOPMENT_TEAM = D4T62J4499;
				GENERATE_INFOPLIST_FILE = YES;
				IPHONEOS_DEPLOYMENT_TARGET = 15.4;
				MARKETING_VERSION = 1.0;
				PRODUCT_BUNDLE_IDENTIFIER = com.mct.SpaceXTests;
				PRODUCT_NAME = "$(TARGET_NAME)";
				SWIFT_EMIT_LOC_STRINGS = NO;
				SWIFT_VERSION = 5.0;
				TARGETED_DEVICE_FAMILY = "1,2";
				TEST_HOST = "$(BUILT_PRODUCTS_DIR)/SpaceX.app/SpaceX";
			};
			name = Release;
		};
		00D686DD28CB4AD900F18EC7 /* Debug */ = {
			isa = XCBuildConfiguration;
			buildSettings = {
				ALWAYS_SEARCH_USER_PATHS = NO;
				CLANG_ANALYZER_NONNULL = YES;
				CLANG_ANALYZER_NUMBER_OBJECT_CONVERSION = YES_AGGRESSIVE;
				CLANG_CXX_LANGUAGE_STANDARD = "gnu++17";
				CLANG_ENABLE_MODULES = YES;
				CLANG_ENABLE_OBJC_ARC = YES;
				CLANG_ENABLE_OBJC_WEAK = YES;
				CLANG_WARN_BLOCK_CAPTURE_AUTORELEASING = YES;
				CLANG_WARN_BOOL_CONVERSION = YES;
				CLANG_WARN_COMMA = YES;
				CLANG_WARN_CONSTANT_CONVERSION = YES;
				CLANG_WARN_DEPRECATED_OBJC_IMPLEMENTATIONS = YES;
				CLANG_WARN_DIRECT_OBJC_ISA_USAGE = YES_ERROR;
				CLANG_WARN_DOCUMENTATION_COMMENTS = YES;
				CLANG_WARN_EMPTY_BODY = YES;
				CLANG_WARN_ENUM_CONVERSION = YES;
				CLANG_WARN_INFINITE_RECURSION = YES;
				CLANG_WARN_INT_CONVERSION = YES;
				CLANG_WARN_NON_LITERAL_NULL_CONVERSION = YES;
				CLANG_WARN_OBJC_IMPLICIT_RETAIN_SELF = YES;
				CLANG_WARN_OBJC_LITERAL_CONVERSION = YES;
				CLANG_WARN_OBJC_ROOT_CLASS = YES_ERROR;
				CLANG_WARN_QUOTED_INCLUDE_IN_FRAMEWORK_HEADER = YES;
				CLANG_WARN_RANGE_LOOP_ANALYSIS = YES;
				CLANG_WARN_STRICT_PROTOTYPES = YES;
				CLANG_WARN_SUSPICIOUS_MOVE = YES;
				CLANG_WARN_UNGUARDED_AVAILABILITY = YES_AGGRESSIVE;
				CLANG_WARN_UNREACHABLE_CODE = YES;
				CLANG_WARN__DUPLICATE_METHOD_MATCH = YES;
				COPY_PHASE_STRIP = NO;
				DEBUG_INFORMATION_FORMAT = dwarf;
				ENABLE_STRICT_OBJC_MSGSEND = YES;
				ENABLE_TESTABILITY = YES;
				GCC_C_LANGUAGE_STANDARD = gnu11;
				GCC_DYNAMIC_NO_PIC = NO;
				GCC_NO_COMMON_BLOCKS = YES;
				GCC_OPTIMIZATION_LEVEL = 0;
				GCC_PREPROCESSOR_DEFINITIONS = (
					"DEBUG=1",
					"$(inherited)",
				);
				GCC_WARN_64_TO_32_BIT_CONVERSION = YES;
				GCC_WARN_ABOUT_RETURN_TYPE = YES_ERROR;
				GCC_WARN_UNDECLARED_SELECTOR = YES;
				GCC_WARN_UNINITIALIZED_AUTOS = YES_AGGRESSIVE;
				GCC_WARN_UNUSED_FUNCTION = YES;
				GCC_WARN_UNUSED_VARIABLE = YES;
				IPHONEOS_DEPLOYMENT_TARGET = 13.0;
				MTL_ENABLE_DEBUG_INFO = INCLUDE_SOURCE;
				MTL_FAST_MATH = YES;
				ONLY_ACTIVE_ARCH = YES;
				SDKROOT = iphoneos;
				SWIFT_ACTIVE_COMPILATION_CONDITIONS = DEBUG;
				SWIFT_OPTIMIZATION_LEVEL = "-Onone";
			};
			name = Debug;
		};
		00D686DE28CB4AD900F18EC7 /* Release */ = {
			isa = XCBuildConfiguration;
			buildSettings = {
				ALWAYS_SEARCH_USER_PATHS = NO;
				CLANG_ANALYZER_NONNULL = YES;
				CLANG_ANALYZER_NUMBER_OBJECT_CONVERSION = YES_AGGRESSIVE;
				CLANG_CXX_LANGUAGE_STANDARD = "gnu++17";
				CLANG_ENABLE_MODULES = YES;
				CLANG_ENABLE_OBJC_ARC = YES;
				CLANG_ENABLE_OBJC_WEAK = YES;
				CLANG_WARN_BLOCK_CAPTURE_AUTORELEASING = YES;
				CLANG_WARN_BOOL_CONVERSION = YES;
				CLANG_WARN_COMMA = YES;
				CLANG_WARN_CONSTANT_CONVERSION = YES;
				CLANG_WARN_DEPRECATED_OBJC_IMPLEMENTATIONS = YES;
				CLANG_WARN_DIRECT_OBJC_ISA_USAGE = YES_ERROR;
				CLANG_WARN_DOCUMENTATION_COMMENTS = YES;
				CLANG_WARN_EMPTY_BODY = YES;
				CLANG_WARN_ENUM_CONVERSION = YES;
				CLANG_WARN_INFINITE_RECURSION = YES;
				CLANG_WARN_INT_CONVERSION = YES;
				CLANG_WARN_NON_LITERAL_NULL_CONVERSION = YES;
				CLANG_WARN_OBJC_IMPLICIT_RETAIN_SELF = YES;
				CLANG_WARN_OBJC_LITERAL_CONVERSION = YES;
				CLANG_WARN_OBJC_ROOT_CLASS = YES_ERROR;
				CLANG_WARN_QUOTED_INCLUDE_IN_FRAMEWORK_HEADER = YES;
				CLANG_WARN_RANGE_LOOP_ANALYSIS = YES;
				CLANG_WARN_STRICT_PROTOTYPES = YES;
				CLANG_WARN_SUSPICIOUS_MOVE = YES;
				CLANG_WARN_UNGUARDED_AVAILABILITY = YES_AGGRESSIVE;
				CLANG_WARN_UNREACHABLE_CODE = YES;
				CLANG_WARN__DUPLICATE_METHOD_MATCH = YES;
				COPY_PHASE_STRIP = NO;
				DEBUG_INFORMATION_FORMAT = "dwarf-with-dsym";
				ENABLE_NS_ASSERTIONS = NO;
				ENABLE_STRICT_OBJC_MSGSEND = YES;
				GCC_C_LANGUAGE_STANDARD = gnu11;
				GCC_NO_COMMON_BLOCKS = YES;
				GCC_WARN_64_TO_32_BIT_CONVERSION = YES;
				GCC_WARN_ABOUT_RETURN_TYPE = YES_ERROR;
				GCC_WARN_UNDECLARED_SELECTOR = YES;
				GCC_WARN_UNINITIALIZED_AUTOS = YES_AGGRESSIVE;
				GCC_WARN_UNUSED_FUNCTION = YES;
				GCC_WARN_UNUSED_VARIABLE = YES;
				IPHONEOS_DEPLOYMENT_TARGET = 13.0;
				MTL_ENABLE_DEBUG_INFO = NO;
				MTL_FAST_MATH = YES;
				SDKROOT = iphoneos;
				SWIFT_COMPILATION_MODE = wholemodule;
				SWIFT_OPTIMIZATION_LEVEL = "-O";
				VALIDATE_PRODUCT = YES;
			};
			name = Release;
		};
		00D686E028CB4AD900F18EC7 /* Debug */ = {
			isa = XCBuildConfiguration;
			buildSettings = {
				ASSETCATALOG_COMPILER_APPICON_NAME = AppIcon;
				ASSETCATALOG_COMPILER_GLOBAL_ACCENT_COLOR_NAME = AccentColor;
				CODE_SIGN_STYLE = Automatic;
				CURRENT_PROJECT_VERSION = 1;
				DEVELOPMENT_TEAM = D4T62J4499;
				GENERATE_INFOPLIST_FILE = YES;
				INFOPLIST_FILE = SpaceX/App/Info.plist;
				INFOPLIST_KEY_UIApplicationSupportsIndirectInputEvents = YES;
				INFOPLIST_KEY_UILaunchStoryboardName = LaunchScreen;
				INFOPLIST_KEY_UISupportedInterfaceOrientations_iPad = "UIInterfaceOrientationPortrait UIInterfaceOrientationPortraitUpsideDown UIInterfaceOrientationLandscapeLeft UIInterfaceOrientationLandscapeRight";
				INFOPLIST_KEY_UISupportedInterfaceOrientations_iPhone = "UIInterfaceOrientationPortrait UIInterfaceOrientationLandscapeLeft UIInterfaceOrientationLandscapeRight";
				LD_RUNPATH_SEARCH_PATHS = (
					"$(inherited)",
					"@executable_path/Frameworks",
				);
				MARKETING_VERSION = 1.0;
				PRODUCT_BUNDLE_IDENTIFIER = com.mct.SpaceX;
				PRODUCT_NAME = "$(TARGET_NAME)";
				SWIFT_EMIT_LOC_STRINGS = YES;
				SWIFT_VERSION = 5.0;
				TARGETED_DEVICE_FAMILY = 1;
			};
			name = Debug;
		};
		00D686E128CB4AD900F18EC7 /* Release */ = {
			isa = XCBuildConfiguration;
			buildSettings = {
				ASSETCATALOG_COMPILER_APPICON_NAME = AppIcon;
				ASSETCATALOG_COMPILER_GLOBAL_ACCENT_COLOR_NAME = AccentColor;
				CODE_SIGN_STYLE = Automatic;
				CURRENT_PROJECT_VERSION = 1;
				DEVELOPMENT_TEAM = D4T62J4499;
				GENERATE_INFOPLIST_FILE = YES;
				INFOPLIST_FILE = SpaceX/App/Info.plist;
				INFOPLIST_KEY_UIApplicationSupportsIndirectInputEvents = YES;
				INFOPLIST_KEY_UILaunchStoryboardName = LaunchScreen;
				INFOPLIST_KEY_UISupportedInterfaceOrientations_iPad = "UIInterfaceOrientationPortrait UIInterfaceOrientationPortraitUpsideDown UIInterfaceOrientationLandscapeLeft UIInterfaceOrientationLandscapeRight";
				INFOPLIST_KEY_UISupportedInterfaceOrientations_iPhone = "UIInterfaceOrientationPortrait UIInterfaceOrientationLandscapeLeft UIInterfaceOrientationLandscapeRight";
				LD_RUNPATH_SEARCH_PATHS = (
					"$(inherited)",
					"@executable_path/Frameworks",
				);
				MARKETING_VERSION = 1.0;
				PRODUCT_BUNDLE_IDENTIFIER = com.mct.SpaceX;
				PRODUCT_NAME = "$(TARGET_NAME)";
				SWIFT_EMIT_LOC_STRINGS = YES;
				SWIFT_VERSION = 5.0;
				TARGETED_DEVICE_FAMILY = 1;
			};
			name = Release;
		};
/* End XCBuildConfiguration section */

/* Begin XCConfigurationList section */
		00C53EE428CFAA80002433E1 /* Build configuration list for PBXNativeTarget "SpaceXTests" */ = {
			isa = XCConfigurationList;
			buildConfigurations = (
				00C53EE528CFAA80002433E1 /* Debug */,
				00C53EE628CFAA80002433E1 /* Release */,
			);
			defaultConfigurationIsVisible = 0;
			defaultConfigurationName = Release;
		};
		00D686C628CB4AD500F18EC7 /* Build configuration list for PBXProject "SpaceX" */ = {
			isa = XCConfigurationList;
			buildConfigurations = (
				00D686DD28CB4AD900F18EC7 /* Debug */,
				00D686DE28CB4AD900F18EC7 /* Release */,
			);
			defaultConfigurationIsVisible = 0;
			defaultConfigurationName = Release;
		};
		00D686DF28CB4AD900F18EC7 /* Build configuration list for PBXNativeTarget "SpaceX" */ = {
			isa = XCConfigurationList;
			buildConfigurations = (
				00D686E028CB4AD900F18EC7 /* Debug */,
				00D686E128CB4AD900F18EC7 /* Release */,
			);
			defaultConfigurationIsVisible = 0;
			defaultConfigurationName = Release;
		};
/* End XCConfigurationList section */

/* Begin XCRemoteSwiftPackageReference section */
		00C53ECF28CF4BA0002433E1 /* XCRemoteSwiftPackageReference "Kingfisher" */ = {
			isa = XCRemoteSwiftPackageReference;
			repositoryURL = "https://github.com/onevcat/Kingfisher";
			requirement = {
				branch = master;
				kind = branch;
			};
		};
		00D686E728CB54F000F18EC7 /* XCRemoteSwiftPackageReference "apollo-ios" */ = {
			isa = XCRemoteSwiftPackageReference;
			repositoryURL = "https://github.com/apollographql/apollo-ios.git";
			requirement = {
				kind = upToNextMajorVersion;
				minimumVersion = 0.9.5;
			};
		};
		00EE21EE28CE6AC500123282 /* XCRemoteSwiftPackageReference "SnapKit" */ = {
			isa = XCRemoteSwiftPackageReference;
			repositoryURL = "https://github.com/SnapKit/SnapKit";
			requirement = {
				kind = upToNextMajorVersion;
				minimumVersion = 5.0.0;
			};
		};
/* End XCRemoteSwiftPackageReference section */

/* Begin XCSwiftPackageProductDependency section */
		00C53ED028CF4BA1002433E1 /* Kingfisher */ = {
			isa = XCSwiftPackageProductDependency;
			package = 00C53ECF28CF4BA0002433E1 /* XCRemoteSwiftPackageReference "Kingfisher" */;
			productName = Kingfisher;
		};
		00D686E828CB54F000F18EC7 /* Apollo */ = {
			isa = XCSwiftPackageProductDependency;
			package = 00D686E728CB54F000F18EC7 /* XCRemoteSwiftPackageReference "apollo-ios" */;
			productName = Apollo;
		};
		00EE21EF28CE6AC600123282 /* SnapKit */ = {
			isa = XCSwiftPackageProductDependency;
			package = 00EE21EE28CE6AC500123282 /* XCRemoteSwiftPackageReference "SnapKit" */;
			productName = SnapKit;
		};
/* End XCSwiftPackageProductDependency section */
	};
	rootObject = 00D686C328CB4AD500F18EC7 /* Project object */;
}
