// !$*UTF8*$!
{
	archiveVersion = 1;
	classes = {
	};
	objectVersion = 55;
	objects = {

/* Begin PBXBuildFile section */
		00D686CF28CB4AD500F18EC7 /* AppDelegate.swift in Sources */ = {isa = PBXBuildFile; fileRef = 00D686CE28CB4AD500F18EC7 /* AppDelegate.swift */; };
		00D686D128CB4AD500F18EC7 /* SceneDelegate.swift in Sources */ = {isa = PBXBuildFile; fileRef = 00D686D028CB4AD500F18EC7 /* SceneDelegate.swift */; };
		00D686D328CB4AD500F18EC7 /* ViewController.swift in Sources */ = {isa = PBXBuildFile; fileRef = 00D686D228CB4AD500F18EC7 /* ViewController.swift */; };
		00D686D828CB4AD900F18EC7 /* Assets.xcassets in Resources */ = {isa = PBXBuildFile; fileRef = 00D686D728CB4AD900F18EC7 /* Assets.xcassets */; };
		00D686DB28CB4AD900F18EC7 /* LaunchScreen.storyboard in Resources */ = {isa = PBXBuildFile; fileRef = 00D686D928CB4AD900F18EC7 /* LaunchScreen.storyboard */; };
		00D686E928CB54F000F18EC7 /* Apollo in Frameworks */ = {isa = PBXBuildFile; productRef = 00D686E828CB54F000F18EC7 /* Apollo */; };
		00D686F528CB5D1F00F18EC7 /* schema.json in Resources */ = {isa = PBXBuildFile; fileRef = 00D686F428CB5D1F00F18EC7 /* schema.json */; };
		00D686F728CB5E5B00F18EC7 /* Queries.graphql in Resources */ = {isa = PBXBuildFile; fileRef = 00D686F628CB5E5A00F18EC7 /* Queries.graphql */; };
		00D686FC28CB5F9C00F18EC7 /* API.swift in Sources */ = {isa = PBXBuildFile; fileRef = 00D686FB28CB5F9C00F18EC7 /* API.swift */; };
		00D686FE28CB600C00F18EC7 /* HttpClient.swift in Sources */ = {isa = PBXBuildFile; fileRef = 00D686FD28CB600C00F18EC7 /* HttpClient.swift */; };
		00D6870128CE195D00F18EC7 /* ApolloPublisher.swift in Sources */ = {isa = PBXBuildFile; fileRef = 00D6870028CE195D00F18EC7 /* ApolloPublisher.swift */; };
		00D6870328CE1A3700F18EC7 /* ApolloSubscription.swift in Sources */ = {isa = PBXBuildFile; fileRef = 00D6870228CE1A3700F18EC7 /* ApolloSubscription.swift */; };
		00D6870628CE1C1A00F18EC7 /* ApolloClient+Extension.swift in Sources */ = {isa = PBXBuildFile; fileRef = 00D6870528CE1C1A00F18EC7 /* ApolloClient+Extension.swift */; };
/* End PBXBuildFile section */

/* Begin PBXFileReference section */
		00D686CB28CB4AD500F18EC7 /* SpaceX.app */ = {isa = PBXFileReference; explicitFileType = wrapper.application; includeInIndex = 0; path = SpaceX.app; sourceTree = BUILT_PRODUCTS_DIR; };
		00D686CE28CB4AD500F18EC7 /* AppDelegate.swift */ = {isa = PBXFileReference; lastKnownFileType = sourcecode.swift; path = AppDelegate.swift; sourceTree = "<group>"; };
		00D686D028CB4AD500F18EC7 /* SceneDelegate.swift */ = {isa = PBXFileReference; lastKnownFileType = sourcecode.swift; path = SceneDelegate.swift; sourceTree = "<group>"; };
		00D686D228CB4AD500F18EC7 /* ViewController.swift */ = {isa = PBXFileReference; lastKnownFileType = sourcecode.swift; path = ViewController.swift; sourceTree = "<group>"; };
		00D686D728CB4AD900F18EC7 /* Assets.xcassets */ = {isa = PBXFileReference; lastKnownFileType = folder.assetcatalog; path = Assets.xcassets; sourceTree = "<group>"; };
		00D686DA28CB4AD900F18EC7 /* Base */ = {isa = PBXFileReference; lastKnownFileType = file.storyboard; name = Base; path = Base.lproj/LaunchScreen.storyboard; sourceTree = "<group>"; };
		00D686DC28CB4AD900F18EC7 /* Info.plist */ = {isa = PBXFileReference; lastKnownFileType = text.plist.xml; path = Info.plist; sourceTree = "<group>"; };
		00D686F428CB5D1F00F18EC7 /* schema.json */ = {isa = PBXFileReference; fileEncoding = 4; lastKnownFileType = text.json; path = schema.json; sourceTree = "<group>"; };
		00D686F628CB5E5A00F18EC7 /* Queries.graphql */ = {isa = PBXFileReference; lastKnownFileType = text; path = Queries.graphql; sourceTree = "<group>"; };
		00D686FB28CB5F9C00F18EC7 /* API.swift */ = {isa = PBXFileReference; fileEncoding = 4; lastKnownFileType = sourcecode.swift; name = API.swift; path = SpaceX/API.swift; sourceTree = SOURCE_ROOT; };
		00D686FD28CB600C00F18EC7 /* HttpClient.swift */ = {isa = PBXFileReference; lastKnownFileType = sourcecode.swift; path = HttpClient.swift; sourceTree = "<group>"; };
		00D6870028CE195D00F18EC7 /* ApolloPublisher.swift */ = {isa = PBXFileReference; lastKnownFileType = sourcecode.swift; path = ApolloPublisher.swift; sourceTree = "<group>"; };
		00D6870228CE1A3700F18EC7 /* ApolloSubscription.swift */ = {isa = PBXFileReference; lastKnownFileType = sourcecode.swift; path = ApolloSubscription.swift; sourceTree = "<group>"; };
		00D6870528CE1C1A00F18EC7 /* ApolloClient+Extension.swift */ = {isa = PBXFileReference; lastKnownFileType = sourcecode.swift; path = "ApolloClient+Extension.swift"; sourceTree = "<group>"; };
/* End PBXFileReference section */

/* Begin PBXFrameworksBuildPhase section */
		00D686C828CB4AD500F18EC7 /* Frameworks */ = {
			isa = PBXFrameworksBuildPhase;
			buildActionMask = 2147483647;
			files = (
				00D686E928CB54F000F18EC7 /* Apollo in Frameworks */,
			);
			runOnlyForDeploymentPostprocessing = 0;
		};
/* End PBXFrameworksBuildPhase section */

/* Begin PBXGroup section */
		00D686C228CB4AD500F18EC7 = {
			isa = PBXGroup;
			children = (
				00D686CD28CB4AD500F18EC7 /* SpaceX */,
				00D686CC28CB4AD500F18EC7 /* Products */,
			);
			sourceTree = "<group>";
		};
		00D686CC28CB4AD500F18EC7 /* Products */ = {
			isa = PBXGroup;
			children = (
				00D686CB28CB4AD500F18EC7 /* SpaceX.app */,
			);
			name = Products;
			sourceTree = "<group>";
		};
		00D686CD28CB4AD500F18EC7 /* SpaceX */ = {
			isa = PBXGroup;
			children = (
				00D6870428CE1C0900F18EC7 /* Extension */,
				00D686FA28CB5F1200F18EC7 /* GraphQL */,
				00D686E628CB4C4F00F18EC7 /* Resources */,
				00D686E528CB4C0B00F18EC7 /* Network */,
				00D686E428CB4C0000F18EC7 /* Coordinator */,
				00D686E328CB4BF900F18EC7 /* Screens */,
				00D686E228CB4BF400F18EC7 /* App */,
				00D686D228CB4AD500F18EC7 /* ViewController.swift */,
				00D686DC28CB4AD900F18EC7 /* Info.plist */,
			);
			path = SpaceX;
			sourceTree = "<group>";
		};
		00D686E228CB4BF400F18EC7 /* App */ = {
			isa = PBXGroup;
			children = (
				00D686CE28CB4AD500F18EC7 /* AppDelegate.swift */,
				00D686D028CB4AD500F18EC7 /* SceneDelegate.swift */,
			);
			path = App;
			sourceTree = "<group>";
		};
		00D686E328CB4BF900F18EC7 /* Screens */ = {
			isa = PBXGroup;
			children = (
			);
			path = Screens;
			sourceTree = "<group>";
		};
		00D686E428CB4C0000F18EC7 /* Coordinator */ = {
			isa = PBXGroup;
			children = (
			);
			path = Coordinator;
			sourceTree = "<group>";
		};
		00D686E528CB4C0B00F18EC7 /* Network */ = {
			isa = PBXGroup;
			children = (
				00D686FF28CE193700F18EC7 /* ApolloCombine */,
				00D686FD28CB600C00F18EC7 /* HttpClient.swift */,
			);
			path = Network;
			sourceTree = "<group>";
		};
		00D686E628CB4C4F00F18EC7 /* Resources */ = {
			isa = PBXGroup;
			children = (
				00D686D728CB4AD900F18EC7 /* Assets.xcassets */,
				00D686D928CB4AD900F18EC7 /* LaunchScreen.storyboard */,
			);
			path = Resources;
			sourceTree = "<group>";
		};
		00D686FA28CB5F1200F18EC7 /* GraphQL */ = {
			isa = PBXGroup;
			children = (
				00D686F428CB5D1F00F18EC7 /* schema.json */,
				00D686F628CB5E5A00F18EC7 /* Queries.graphql */,
				00D686FB28CB5F9C00F18EC7 /* API.swift */,
			);
			path = GraphQL;
			sourceTree = "<group>";
		};
		00D686FF28CE193700F18EC7 /* ApolloCombine */ = {
			isa = PBXGroup;
			children = (
				00D6870028CE195D00F18EC7 /* ApolloPublisher.swift */,
				00D6870228CE1A3700F18EC7 /* ApolloSubscription.swift */,
			);
			path = ApolloCombine;
			sourceTree = "<group>";
		};
		00D6870428CE1C0900F18EC7 /* Extension */ = {
			isa = PBXGroup;
			children = (
				00D6870528CE1C1A00F18EC7 /* ApolloClient+Extension.swift */,
			);
			path = Extension;
			sourceTree = "<group>";
		};
/* End PBXGroup section */

/* Begin PBXNativeTarget section */
		00D686CA28CB4AD500F18EC7 /* SpaceX */ = {
			isa = PBXNativeTarget;
			buildConfigurationList = 00D686DF28CB4AD900F18EC7 /* Build configuration list for PBXNativeTarget "SpaceX" */;
			buildPhases = (
				00D686EE28CB59B200F18EC7 /* Apollo */,
				00D686C728CB4AD500F18EC7 /* Sources */,
				00D686C828CB4AD500F18EC7 /* Frameworks */,
				00D686C928CB4AD500F18EC7 /* Resources */,
			);
			buildRules = (
			);
			dependencies = (
			);
			name = SpaceX;
			packageProductDependencies = (
				00D686E828CB54F000F18EC7 /* Apollo */,
			);
			productName = SpaceX;
			productReference = 00D686CB28CB4AD500F18EC7 /* SpaceX.app */;
			productType = "com.apple.product-type.application";
		};
/* End PBXNativeTarget section */

/* Begin PBXProject section */
		00D686C328CB4AD500F18EC7 /* Project object */ = {
			isa = PBXProject;
			attributes = {
				BuildIndependentTargetsInParallel = 1;
				LastSwiftUpdateCheck = 1330;
				LastUpgradeCheck = 1330;
				TargetAttributes = {
					00D686CA28CB4AD500F18EC7 = {
						CreatedOnToolsVersion = 13.3.1;
					};
				};
			};
			buildConfigurationList = 00D686C628CB4AD500F18EC7 /* Build configuration list for PBXProject "SpaceX" */;
			compatibilityVersion = "Xcode 13.0";
			developmentRegion = en;
			hasScannedForEncodings = 0;
			knownRegions = (
				en,
				Base,
			);
			mainGroup = 00D686C228CB4AD500F18EC7;
			packageReferences = (
				00D686E728CB54F000F18EC7 /* XCRemoteSwiftPackageReference "apollo-ios" */,
			);
			productRefGroup = 00D686CC28CB4AD500F18EC7 /* Products */;
			projectDirPath = "";
			projectRoot = "";
			targets = (
				00D686CA28CB4AD500F18EC7 /* SpaceX */,
			);
		};
/* End PBXProject section */

/* Begin PBXResourcesBuildPhase section */
		00D686C928CB4AD500F18EC7 /* Resources */ = {
			isa = PBXResourcesBuildPhase;
			buildActionMask = 2147483647;
			files = (
				00D686DB28CB4AD900F18EC7 /* LaunchScreen.storyboard in Resources */,
				00D686F528CB5D1F00F18EC7 /* schema.json in Resources */,
				00D686F728CB5E5B00F18EC7 /* Queries.graphql in Resources */,
				00D686D828CB4AD900F18EC7 /* Assets.xcassets in Resources */,
			);
			runOnlyForDeploymentPostprocessing = 0;
		};
/* End PBXResourcesBuildPhase section */

/* Begin PBXShellScriptBuildPhase section */
		00D686EE28CB59B200F18EC7 /* Apollo */ = {
			isa = PBXShellScriptBuildPhase;
			buildActionMask = 12;
			files = (
			);
			inputFileListPaths = (
			);
			inputPaths = (
			);
			name = Apollo;
			outputFileListPaths = (
			);
			outputPaths = (
			);
			runOnlyForDeploymentPostprocessing = 0;
			shellPath = /bin/sh;
			shellScript = "# Don't run this during index builds\n\nif [ $ACTION = \"indexbuild\" ]; then exit 0; fi\n\n\n# Go to the build root and search up the chain to find the Derived Data Path where the source packages are checked out.\n\nDERIVED_DATA_CANDIDATE=\"${BUILD_ROOT}\"\n\n\nwhile ! [ -d \"${DERIVED_DATA_CANDIDATE}/SourcePackages\" ]; do\n\n  if [ \"${DERIVED_DATA_CANDIDATE}\" = / ]; then\n\n    echo >&2 \"error: Unable to locate SourcePackages directory from BUILD_ROOT: '${BUILD_ROOT}'\"\n\n    exit 1\n\n  fi\n\n\n  DERIVED_DATA_CANDIDATE=\"$(dirname \"${DERIVED_DATA_CANDIDATE}\")\"\n\ndone\n\n\n# Grab a reference to the directory where scripts are checked out\n\nSCRIPT_PATH=\"${DERIVED_DATA_CANDIDATE}/SourcePackages/checkouts/apollo-ios/scripts\"\n\n\nif [ -z \"${SCRIPT_PATH}\" ]; then\n\n    echo >&2 \"error: Couldn't find the CLI script in your checked out SPM packages; make sure to add the framework to your project.\"\n\n    exit 1\n\nfi\n\n\ncd \"${SRCROOT}/${TARGET_NAME}\"\n\n\"${SCRIPT_PATH}\"/run-bundled-codegen.sh codegen:generate --target=swift --includes=./**/*.graphql --localSchemaFile=\"GraphQL/schema.json\" API.swift\n";
		};
/* End PBXShellScriptBuildPhase section */

/* Begin PBXSourcesBuildPhase section */
		00D686C728CB4AD500F18EC7 /* Sources */ = {
			isa = PBXSourcesBuildPhase;
			buildActionMask = 2147483647;
			files = (
				00D686FE28CB600C00F18EC7 /* HttpClient.swift in Sources */,
				00D686D328CB4AD500F18EC7 /* ViewController.swift in Sources */,
				00D686CF28CB4AD500F18EC7 /* AppDelegate.swift in Sources */,
				00D6870128CE195D00F18EC7 /* ApolloPublisher.swift in Sources */,
				00D686FC28CB5F9C00F18EC7 /* API.swift in Sources */,
				00D6870628CE1C1A00F18EC7 /* ApolloClient+Extension.swift in Sources */,
				00D6870328CE1A3700F18EC7 /* ApolloSubscription.swift in Sources */,
				00D686D128CB4AD500F18EC7 /* SceneDelegate.swift in Sources */,
			);
			runOnlyForDeploymentPostprocessing = 0;
		};
/* End PBXSourcesBuildPhase section */

/* Begin PBXVariantGroup section */
		00D686D928CB4AD900F18EC7 /* LaunchScreen.storyboard */ = {
			isa = PBXVariantGroup;
			children = (
				00D686DA28CB4AD900F18EC7 /* Base */,
			);
			name = LaunchScreen.storyboard;
			sourceTree = "<group>";
		};
/* End PBXVariantGroup section */

/* Begin XCBuildConfiguration section */
		00D686DD28CB4AD900F18EC7 /* Debug */ = {
			isa = XCBuildConfiguration;
			buildSettings = {
				ALWAYS_SEARCH_USER_PATHS = NO;
				CLANG_ANALYZER_NONNULL = YES;
				CLANG_ANALYZER_NUMBER_OBJECT_CONVERSION = YES_AGGRESSIVE;
				CLANG_CXX_LANGUAGE_STANDARD = "gnu++17";
				CLANG_ENABLE_MODULES = YES;
				CLANG_ENABLE_OBJC_ARC = YES;
				CLANG_ENABLE_OBJC_WEAK = YES;
				CLANG_WARN_BLOCK_CAPTURE_AUTORELEASING = YES;
				CLANG_WARN_BOOL_CONVERSION = YES;
				CLANG_WARN_COMMA = YES;
				CLANG_WARN_CONSTANT_CONVERSION = YES;
				CLANG_WARN_DEPRECATED_OBJC_IMPLEMENTATIONS = YES;
				CLANG_WARN_DIRECT_OBJC_ISA_USAGE = YES_ERROR;
				CLANG_WARN_DOCUMENTATION_COMMENTS = YES;
				CLANG_WARN_EMPTY_BODY = YES;
				CLANG_WARN_ENUM_CONVERSION = YES;
				CLANG_WARN_INFINITE_RECURSION = YES;
				CLANG_WARN_INT_CONVERSION = YES;
				CLANG_WARN_NON_LITERAL_NULL_CONVERSION = YES;
				CLANG_WARN_OBJC_IMPLICIT_RETAIN_SELF = YES;
				CLANG_WARN_OBJC_LITERAL_CONVERSION = YES;
				CLANG_WARN_OBJC_ROOT_CLASS = YES_ERROR;
				CLANG_WARN_QUOTED_INCLUDE_IN_FRAMEWORK_HEADER = YES;
				CLANG_WARN_RANGE_LOOP_ANALYSIS = YES;
				CLANG_WARN_STRICT_PROTOTYPES = YES;
				CLANG_WARN_SUSPICIOUS_MOVE = YES;
				CLANG_WARN_UNGUARDED_AVAILABILITY = YES_AGGRESSIVE;
				CLANG_WARN_UNREACHABLE_CODE = YES;
				CLANG_WARN__DUPLICATE_METHOD_MATCH = YES;
				COPY_PHASE_STRIP = NO;
				DEBUG_INFORMATION_FORMAT = dwarf;
				ENABLE_STRICT_OBJC_MSGSEND = YES;
				ENABLE_TESTABILITY = YES;
				GCC_C_LANGUAGE_STANDARD = gnu11;
				GCC_DYNAMIC_NO_PIC = NO;
				GCC_NO_COMMON_BLOCKS = YES;
				GCC_OPTIMIZATION_LEVEL = 0;
				GCC_PREPROCESSOR_DEFINITIONS = (
					"DEBUG=1",
					"$(inherited)",
				);
				GCC_WARN_64_TO_32_BIT_CONVERSION = YES;
				GCC_WARN_ABOUT_RETURN_TYPE = YES_ERROR;
				GCC_WARN_UNDECLARED_SELECTOR = YES;
				GCC_WARN_UNINITIALIZED_AUTOS = YES_AGGRESSIVE;
				GCC_WARN_UNUSED_FUNCTION = YES;
				GCC_WARN_UNUSED_VARIABLE = YES;
				IPHONEOS_DEPLOYMENT_TARGET = 13.0;
				MTL_ENABLE_DEBUG_INFO = INCLUDE_SOURCE;
				MTL_FAST_MATH = YES;
				ONLY_ACTIVE_ARCH = YES;
				SDKROOT = iphoneos;
				SWIFT_ACTIVE_COMPILATION_CONDITIONS = DEBUG;
				SWIFT_OPTIMIZATION_LEVEL = "-Onone";
			};
			name = Debug;
		};
		00D686DE28CB4AD900F18EC7 /* Release */ = {
			isa = XCBuildConfiguration;
			buildSettings = {
				ALWAYS_SEARCH_USER_PATHS = NO;
				CLANG_ANALYZER_NONNULL = YES;
				CLANG_ANALYZER_NUMBER_OBJECT_CONVERSION = YES_AGGRESSIVE;
				CLANG_CXX_LANGUAGE_STANDARD = "gnu++17";
				CLANG_ENABLE_MODULES = YES;
				CLANG_ENABLE_OBJC_ARC = YES;
				CLANG_ENABLE_OBJC_WEAK = YES;
				CLANG_WARN_BLOCK_CAPTURE_AUTORELEASING = YES;
				CLANG_WARN_BOOL_CONVERSION = YES;
				CLANG_WARN_COMMA = YES;
				CLANG_WARN_CONSTANT_CONVERSION = YES;
				CLANG_WARN_DEPRECATED_OBJC_IMPLEMENTATIONS = YES;
				CLANG_WARN_DIRECT_OBJC_ISA_USAGE = YES_ERROR;
				CLANG_WARN_DOCUMENTATION_COMMENTS = YES;
				CLANG_WARN_EMPTY_BODY = YES;
				CLANG_WARN_ENUM_CONVERSION = YES;
				CLANG_WARN_INFINITE_RECURSION = YES;
				CLANG_WARN_INT_CONVERSION = YES;
				CLANG_WARN_NON_LITERAL_NULL_CONVERSION = YES;
				CLANG_WARN_OBJC_IMPLICIT_RETAIN_SELF = YES;
				CLANG_WARN_OBJC_LITERAL_CONVERSION = YES;
				CLANG_WARN_OBJC_ROOT_CLASS = YES_ERROR;
				CLANG_WARN_QUOTED_INCLUDE_IN_FRAMEWORK_HEADER = YES;
				CLANG_WARN_RANGE_LOOP_ANALYSIS = YES;
				CLANG_WARN_STRICT_PROTOTYPES = YES;
				CLANG_WARN_SUSPICIOUS_MOVE = YES;
				CLANG_WARN_UNGUARDED_AVAILABILITY = YES_AGGRESSIVE;
				CLANG_WARN_UNREACHABLE_CODE = YES;
				CLANG_WARN__DUPLICATE_METHOD_MATCH = YES;
				COPY_PHASE_STRIP = NO;
				DEBUG_INFORMATION_FORMAT = "dwarf-with-dsym";
				ENABLE_NS_ASSERTIONS = NO;
				ENABLE_STRICT_OBJC_MSGSEND = YES;
				GCC_C_LANGUAGE_STANDARD = gnu11;
				GCC_NO_COMMON_BLOCKS = YES;
				GCC_WARN_64_TO_32_BIT_CONVERSION = YES;
				GCC_WARN_ABOUT_RETURN_TYPE = YES_ERROR;
				GCC_WARN_UNDECLARED_SELECTOR = YES;
				GCC_WARN_UNINITIALIZED_AUTOS = YES_AGGRESSIVE;
				GCC_WARN_UNUSED_FUNCTION = YES;
				GCC_WARN_UNUSED_VARIABLE = YES;
				IPHONEOS_DEPLOYMENT_TARGET = 13.0;
				MTL_ENABLE_DEBUG_INFO = NO;
				MTL_FAST_MATH = YES;
				SDKROOT = iphoneos;
				SWIFT_COMPILATION_MODE = wholemodule;
				SWIFT_OPTIMIZATION_LEVEL = "-O";
				VALIDATE_PRODUCT = YES;
			};
			name = Release;
		};
		00D686E028CB4AD900F18EC7 /* Debug */ = {
			isa = XCBuildConfiguration;
			buildSettings = {
				ASSETCATALOG_COMPILER_APPICON_NAME = AppIcon;
				ASSETCATALOG_COMPILER_GLOBAL_ACCENT_COLOR_NAME = AccentColor;
				CODE_SIGN_STYLE = Automatic;
				CURRENT_PROJECT_VERSION = 1;
				DEVELOPMENT_TEAM = D4T62J4499;
				GENERATE_INFOPLIST_FILE = YES;
				INFOPLIST_FILE = SpaceX/Info.plist;
				INFOPLIST_KEY_UIApplicationSupportsIndirectInputEvents = YES;
				INFOPLIST_KEY_UILaunchStoryboardName = LaunchScreen;
				INFOPLIST_KEY_UISupportedInterfaceOrientations_iPad = "UIInterfaceOrientationPortrait UIInterfaceOrientationPortraitUpsideDown UIInterfaceOrientationLandscapeLeft UIInterfaceOrientationLandscapeRight";
				INFOPLIST_KEY_UISupportedInterfaceOrientations_iPhone = "UIInterfaceOrientationPortrait UIInterfaceOrientationLandscapeLeft UIInterfaceOrientationLandscapeRight";
				LD_RUNPATH_SEARCH_PATHS = (
					"$(inherited)",
					"@executable_path/Frameworks",
				);
				MARKETING_VERSION = 1.0;
				PRODUCT_BUNDLE_IDENTIFIER = com.mct.SpaceX;
				PRODUCT_NAME = "$(TARGET_NAME)";
				SWIFT_EMIT_LOC_STRINGS = YES;
				SWIFT_VERSION = 5.0;
				TARGETED_DEVICE_FAMILY = 1;
			};
			name = Debug;
		};
		00D686E128CB4AD900F18EC7 /* Release */ = {
			isa = XCBuildConfiguration;
			buildSettings = {
				ASSETCATALOG_COMPILER_APPICON_NAME = AppIcon;
				ASSETCATALOG_COMPILER_GLOBAL_ACCENT_COLOR_NAME = AccentColor;
				CODE_SIGN_STYLE = Automatic;
				CURRENT_PROJECT_VERSION = 1;
				DEVELOPMENT_TEAM = D4T62J4499;
				GENERATE_INFOPLIST_FILE = YES;
				INFOPLIST_FILE = SpaceX/Info.plist;
				INFOPLIST_KEY_UIApplicationSupportsIndirectInputEvents = YES;
				INFOPLIST_KEY_UILaunchStoryboardName = LaunchScreen;
				INFOPLIST_KEY_UISupportedInterfaceOrientations_iPad = "UIInterfaceOrientationPortrait UIInterfaceOrientationPortraitUpsideDown UIInterfaceOrientationLandscapeLeft UIInterfaceOrientationLandscapeRight";
				INFOPLIST_KEY_UISupportedInterfaceOrientations_iPhone = "UIInterfaceOrientationPortrait UIInterfaceOrientationLandscapeLeft UIInterfaceOrientationLandscapeRight";
				LD_RUNPATH_SEARCH_PATHS = (
					"$(inherited)",
					"@executable_path/Frameworks",
				);
				MARKETING_VERSION = 1.0;
				PRODUCT_BUNDLE_IDENTIFIER = com.mct.SpaceX;
				PRODUCT_NAME = "$(TARGET_NAME)";
				SWIFT_EMIT_LOC_STRINGS = YES;
				SWIFT_VERSION = 5.0;
				TARGETED_DEVICE_FAMILY = 1;
			};
			name = Release;
		};
/* End XCBuildConfiguration section */

/* Begin XCConfigurationList section */
		00D686C628CB4AD500F18EC7 /* Build configuration list for PBXProject "SpaceX" */ = {
			isa = XCConfigurationList;
			buildConfigurations = (
				00D686DD28CB4AD900F18EC7 /* Debug */,
				00D686DE28CB4AD900F18EC7 /* Release */,
			);
			defaultConfigurationIsVisible = 0;
			defaultConfigurationName = Release;
		};
		00D686DF28CB4AD900F18EC7 /* Build configuration list for PBXNativeTarget "SpaceX" */ = {
			isa = XCConfigurationList;
			buildConfigurations = (
				00D686E028CB4AD900F18EC7 /* Debug */,
				00D686E128CB4AD900F18EC7 /* Release */,
			);
			defaultConfigurationIsVisible = 0;
			defaultConfigurationName = Release;
		};
/* End XCConfigurationList section */

/* Begin XCRemoteSwiftPackageReference section */
		00D686E728CB54F000F18EC7 /* XCRemoteSwiftPackageReference "apollo-ios" */ = {
			isa = XCRemoteSwiftPackageReference;
			repositoryURL = "https://github.com/apollographql/apollo-ios.git";
			requirement = {
				kind = upToNextMajorVersion;
				minimumVersion = 0.9.5;
			};
		};
/* End XCRemoteSwiftPackageReference section */

/* Begin XCSwiftPackageProductDependency section */
		00D686E828CB54F000F18EC7 /* Apollo */ = {
			isa = XCSwiftPackageProductDependency;
			package = 00D686E728CB54F000F18EC7 /* XCRemoteSwiftPackageReference "apollo-ios" */;
			productName = Apollo;
		};
/* End XCSwiftPackageProductDependency section */
	};
	rootObject = 00D686C328CB4AD500F18EC7 /* Project object */;
}
